
Microsoft Visual Studio Solution File, Format Version 12.00
# Visual Studio Version 17
VisualStudioVersion = 17.5.33424.131
MinimumVisualStudioVersion = 10.0.40219.1
Project("{9A19103F-16F7-4668-BE54-9A1E7A4F7556}") = "HouseRentingSystem", "HouseRentingSystem.csproj", "{1C675E0B-6FFC-4B0E-BBE5-82AACF4BC9B5}"
EndProject
Project("{FAE04EC0-301F-11D3-BF4B-00C04F79EFBC}") = "HouseRentingSystem.Common", "..\HouseRentingSystem.Common\HouseRentingSystem.Common.csproj", "{5A781A79-DFAA-48D4-8AA0-0772F4D17025}"
EndProject
Project("{FAE04EC0-301F-11D3-BF4B-00C04F79EFBC}") = "HouseRentingSystem.Core", "..\HouseRentingSystem.Core\HouseRentingSystem.Core.csproj", "{3131BFBB-2172-437C-97EE-9AE7C41E90E0}"
EndProject
Project("{FAE04EC0-301F-11D3-BF4B-00C04F79EFBC}") = "HouseRentingSystem.Infrastructure", "..\HouseRentingSystem.Infrastructure\HouseRentingSystem.Infrastructure.csproj", "{FD04D83A-FD1C-4EFF-9850-34296644C454}"
EndProject
Global
	GlobalSection(SolutionConfigurationPlatforms) = preSolution
		Debug|Any CPU = Debug|Any CPU
		Release|Any CPU = Release|Any CPU
	EndGlobalSection
	GlobalSection(ProjectConfigurationPlatforms) = postSolution
		{1C675E0B-6FFC-4B0E-BBE5-82AACF4BC9B5}.Debug|Any CPU.ActiveCfg = Debug|Any CPU
		{1C675E0B-6FFC-4B0E-BBE5-82AACF4BC9B5}.Debug|Any CPU.Build.0 = Debug|Any CPU
		{1C675E0B-6FFC-4B0E-BBE5-82AACF4BC9B5}.Release|Any CPU.ActiveCfg = Release|Any CPU
		{1C675E0B-6FFC-4B0E-BBE5-82AACF4BC9B5}.Release|Any CPU.Build.0 = Release|Any CPU
		{5A781A79-DFAA-48D4-8AA0-0772F4D17025}.Debug|Any CPU.ActiveCfg = Debug|Any CPU
		{5A781A79-DFAA-48D4-8AA0-0772F4D17025}.Debug|Any CPU.Build.0 = Debug|Any CPU
		{5A781A79-DFAA-48D4-8AA0-0772F4D17025}.Release|Any CPU.ActiveCfg = Release|Any CPU
		{5A781A79-DFAA-48D4-8AA0-0772F4D17025}.Release|Any CPU.Build.0 = Release|Any CPU
		{3131BFBB-2172-437C-97EE-9AE7C41E90E0}.Debug|Any CPU.ActiveCfg = Debug|Any CPU
		{3131BFBB-2172-437C-97EE-9AE7C41E90E0}.Debug|Any CPU.Build.0 = Debug|Any CPU
		{3131BFBB-2172-437C-97EE-9AE7C41E90E0}.Release|Any CPU.ActiveCfg = Release|Any CPU
		{3131BFBB-2172-437C-97EE-9AE7C41E90E0}.Release|Any CPU.Build.0 = Release|Any CPU
		{FD04D83A-FD1C-4EFF-9850-34296644C454}.Debug|Any CPU.ActiveCfg = Debug|Any CPU
		{FD04D83A-FD1C-4EFF-9850-34296644C454}.Debug|Any CPU.Build.0 = Debug|Any CPU
		{FD04D83A-FD1C-4EFF-9850-34296644C454}.Release|Any CPU.ActiveCfg = Release|Any CPU
		{FD04D83A-FD1C-4EFF-9850-34296644C454}.Release|Any CPU.Build.0 = Release|Any CPU
	EndGlobalSection
	GlobalSection(SolutionProperties) = preSolution
		HideSolutionNode = FALSE
	EndGlobalSection
	GlobalSection(ExtensibilityGlobals) = postSolution
		SolutionGuid = {08A0D885-39B8-47F0-8D73-AE065638CF2C}
	EndGlobalSection
EndGlobal
